
Microsoft Visual Studio Solution File, Format Version 12.00
# Visual Studio Version 17
VisualStudioVersion = 17.5.33627.172
MinimumVisualStudioVersion = 10.0.40219.1
Project("{E24C65DC-7377-472B-9ABA-BC803B73C61A}") = "EZCareStore.com", "D:\Hari\VISTA\EZCareStore.com\", "{50F540A5-D0FC-401D-9FB8-4F60607A6C78}"
	ProjectSection(WebsiteProperties) = preProject
		TargetFrameworkMoniker = ".NETFramework,Version%3Dv4.8"
		Debug.AspNetCompiler.VirtualPath = "/localhost_51856"
		Debug.AspNetCompiler.PhysicalPath = "D:\Hari\VISTA\EZCareStore.com\"
		Debug.AspNetCompiler.TargetPath = "PrecompiledWeb\localhost_51856\"
		Debug.AspNetCompiler.Updateable = "true"
		Debug.AspNetCompiler.ForceOverwrite = "true"
		Debug.AspNetCompiler.FixedNames = "false"
		Debug.AspNetCompiler.Debug = "True"
		Release.AspNetCompiler.VirtualPath = "/localhost_51856"
		Release.AspNetCompiler.PhysicalPath = "D:\Hari\VISTA\EZCareStore.com\"
		Release.AspNetCompiler.TargetPath = "PrecompiledWeb\localhost_51856\"
		Release.AspNetCompiler.Updateable = "true"
		Release.AspNetCompiler.ForceOverwrite = "true"
		Release.AspNetCompiler.FixedNames = "false"
		Release.AspNetCompiler.Debug = "False"
		VWDPort = "51856"
	EndProjectSection
EndProject
Global
	GlobalSection(SolutionConfigurationPlatforms) = preSolution
		Debug|Any CPU = Debug|Any CPU
	EndGlobalSection
	GlobalSection(ProjectConfigurationPlatforms) = postSolution
		{50F540A5-D0FC-401D-9FB8-4F60607A6C78}.Debug|Any CPU.ActiveCfg = Debug|Any CPU
		{50F540A5-D0FC-401D-9FB8-4F60607A6C78}.Debug|Any CPU.Build.0 = Debug|Any CPU
	EndGlobalSection
	GlobalSection(SolutionProperties) = preSolution
		HideSolutionNode = FALSE
	EndGlobalSection
	GlobalSection(ExtensibilityGlobals) = postSolution
		SolutionGuid = {4BA8DF38-7DAE-4AE4-9ED7-481370AAE9AE}
	EndGlobalSection
EndGlobal
